# THIS IS AN AUTOGENERATED FILE. DO NOT EDIT THIS FILE DIRECTLY.
# yarn lockfile v1


rlp@^3.0.0:
  version "3.0.0"
  resolved "https://registry.yarnpkg.com/rlp/-/rlp-3.0.0.tgz#5a60725ca4314a3a165feecca1836e4f2c1e2343"
  integrity sha512-PD6U2PGk6Vq2spfgiWZdomLvRGDreBLxi5jv5M8EpRo3pU6VEm31KO+HFxE18Q3vgqfDrQ9pZA3FP95rkijNKw==
